github.com/chzyer/logex v1.1.10/go.mod h1:+Ywpsq7O8HXn0nuIou7OrIPyXbp3wmkHB+jjWRnGsAI=
github.com/chzyer/logex v1.2.1/go.mod h1:JLbx6lG2kDbNRFnfkgvh4eRJRPX1QCoOIWomwysCBrQ=
github.com/chzyer/readline v0.0.0-20180603132655-2972be24d48e/go.mod h1:nSuG5e5PlCu98SY8svDHJxuZscDgtXS6KTTbou5AhLI=
github.com/chzyer/readline v1.5.1 h1:upd/6fQk4src78LMRzh5vItIt361/o4uq553V8B5sGI=
github.com/chzyer/readline v1.5.1/go.mod h1:Eh+b79XXUwfKfcPLepksvw2tcLE/Ct21YObkaSkeBlk=
github.com/chzyer/test v0.0.0-20180213035817-a1ea475d72b1/go.mod h1:Q3SI9o4m/ZMnBNeIyt5eFwwo7qiLfzFZmjNmxjkiQlU=
github.com/chzyer/test v1.0.0/go.mod h1:2JlltgoNkt4TW/z9V/IzDdFaMTM2JPIi26O1pF38GC8=
github.com/manifoldco/promptui v0.9.0 h1:3V4HzJk1TtXW1MTZMP7mdlwbBpIinw3HztaIlYthEiA=
github.com/manifoldco/promptui v0.9.0/go.mod h1:ka04sppxSGFAtxX0qhlYQjISsg9mR4GWtQEhdbn6Pgg=
github.com/rwxrob/bonzai v0.20.10 h1:MC77uTOENkQA2Zt/r98teSgP/bHuGw04s5k1ECAKgq0=
github.com/rwxrob/bonzai v0.20.10/go.mod h1:QmLf6NXoVtTf3pY7eYR4+k9daz2bdRiiq5ArFckAW3E=
github.com/rwxrob/compcmd v0.3.0 h1:AlJNItb7+Yk17qmH5E7TJFyBXhna/rS3NeQAgjqbFls=
github.com/rwxrob/compcmd v0.3.0/go.mod h1:XOHl6bS2Uen6Wx2mxtbtUhT8Sbz1IhnaE55xPkhTBD4=
github.com/rwxrob/fn v0.4.0 h1:lUZEkELSFAlPhzrkNhgB/xoTkz9tv5op4g0QfggSZFg=
github.com/rwxrob/fn v0.4.0/go.mod h1:omPqOqEB+dDna09z5pi5YFxq4IZqDvv3wFPUCES5LvY=
github.com/rwxrob/help v0.7.2 h1:M3Ocpzz6UVDBz1FU0hCiQcUIJRNrqELL/L2dUajS+ig=
github.com/rwxrob/help v0.7.2/go.mod h1:3OzSAfDWeU9Fzf26Iq8+d0mH2NXU6wIVdXEpQpX3TwY=
github.com/rwxrob/pegn v0.2.1 h1:roE+SkNl66SLJkeEHowuds+0lUOjSlTHE8IDJuZZUNs=
github.com/rwxrob/pegn v0.2.1/go.mod h1:TyD3XS8ddVucs2gwMr1VhB2HbHiruzj6Ub67RZGTfMA=
github.com/rwxrob/structs v0.6.0 h1:t8JVd/Pee1OGaXgT6QYmGed470C9vOw6scdH8Cr5LPg=
github.com/rwxrob/structs v0.6.0/go.mod h1:txMfzPfEiIDNM5bwhzUqxr/1QQ3ekOuj3KLT8Nt1fA0=
github.com/rwxrob/term v0.2.9 h1:lXcrmKMbMQ5Etfm+tjAbHsx2v2yHnZSvzOfS/LGDBXc=
github.com/rwxrob/term v0.2.9/go.mod h1:ptzymk+QUaT54SiRzh6ITMW65qGsJDAdSZIysq17iO8=
github.com/rwxrob/to v0.12.1 h1:2x1SgNK2ixE7FhbDFK2fzlx3Y3qPIBcSFm/jivUzOQM=
github.com/rwxrob/to v0.12.1/go.mod h1:8+uSoxMWfTSY/KU57db87hWGZGsiVW0uSDZd7NAgInI=
github.com/tr00datp00nar/rank v0.0.0-20230327152852-c5dcc988958b h1:vYQFgR9h0Lz3M55ghtXzak8UOJNHLZS8YTwGp4etmM8=
github.com/tr00datp00nar/rank v0.0.0-20230327152852-c5dcc988958b/go.mod h1:nQR6vh8rPVJ+Nl8JZwIPXQMc/C5WuqP5sXyDr6SlrvE=
golang.org/x/crypto v0.7.0 h1:AvwMYaRytfdeVt3u6mLaxYtErKYjxA2OXjJ1HHq6t3A=
golang.org/x/crypto v0.7.0/go.mod h1:pYwdfH91IfpZVANVyUOhSIPZaFoJGxTFbZhFTx+dXZU=
golang.org/x/sys v0.0.0-20181122145206-62eef0e2fa9b/go.mod h1:STP8DvDyc/dI5b8T5hshtkjS+E42TnysNCUPdjciGhY=
golang.org/x/sys v0.0.0-20220310020820-b874c991c1a5/go.mod h1:oPkhp1MJrh7nUepCBck5+mAzfO9JrbApNNgaTdGDITg=
golang.org/x/sys v0.6.0 h1:MVltZSvRTcU2ljQOhs94SXPftV6DCNnZViHeQps87pQ=
golang.org/x/sys v0.6.0/go.mod h1:oPkhp1MJrh7nUepCBck5+mAzfO9JrbApNNgaTdGDITg=
golang.org/x/term v0.6.0 h1:clScbb1cHjoCkyRbWwBEUZ5H/tIFu5TAXIqaZD0Gcjw=
golang.org/x/term v0.6.0/go.mod h1:m6U89DPEgQRMq3DNkDClhWw02AUbt2daBVO4cn4Hv9U=
